
Microsoft Visual Studio Solution File, Format Version 12.00
# Visual Studio Version 16
VisualStudioVersion = 16.0.28809.33
MinimumVisualStudioVersion = 10.0.40219.1
Project("{FAE04EC0-301F-11D3-BF4B-00C04F79EFBC}") = "HarmonicStructures", "HarmonicStructures\HarmonicStructures.csproj", "{38CC0488-7A33-47C6-8583-2469485267D3}"
EndProject
Global
	GlobalSection(SolutionConfigurationPlatforms) = preSolution
		Debug|Any CPU = Debug|Any CPU
		Release|Any CPU = Release|Any CPU
	EndGlobalSection
	GlobalSection(ProjectConfigurationPlatforms) = postSolution
		{38CC0488-7A33-47C6-8583-2469485267D3}.Debug|Any CPU.ActiveCfg = Debug|Any CPU
		{38CC0488-7A33-47C6-8583-2469485267D3}.Debug|Any CPU.Build.0 = Debug|Any CPU
		{38CC0488-7A33-47C6-8583-2469485267D3}.Release|Any CPU.ActiveCfg = Release|Any CPU
		{38CC0488-7A33-47C6-8583-2469485267D3}.Release|Any CPU.Build.0 = Release|Any CPU
	EndGlobalSection
	GlobalSection(SolutionProperties) = preSolution
		HideSolutionNode = FALSE
	EndGlobalSection
	GlobalSection(ExtensibilityGlobals) = postSolution
		SolutionGuid = {C6353E61-E88F-4BE9-9660-EA6DC4285E34}
	EndGlobalSection
EndGlobal
